
Microsoft Visual Studio Solution File, Format Version 12.00
# Visual Studio Version 16
VisualStudioVersion = 16.0.31911.196
MinimumVisualStudioVersion = 10.0.40219.1
Project("{8BC9CEB8-8B4A-11D0-8D11-00A0C91BC942}") = "Saper", "Saper\Saper.vcxproj", "{F4A9E04A-C749-448D-8753-98F30E31199C}"
EndProject
Global
	GlobalSection(SolutionConfigurationPlatforms) = preSolution
		Debug|x64 = Debug|x64
		Debug|x86 = Debug|x86
		Release|x64 = Release|x64
		Release|x86 = Release|x86
	EndGlobalSection
	GlobalSection(ProjectConfigurationPlatforms) = postSolution
		{F4A9E04A-C749-448D-8753-98F30E31199C}.Debug|x64.ActiveCfg = Debug|x64
		{F4A9E04A-C749-448D-8753-98F30E31199C}.Debug|x64.Build.0 = Debug|x64
		{F4A9E04A-C749-448D-8753-98F30E31199C}.Debug|x86.ActiveCfg = Debug|Win32
		{F4A9E04A-C749-448D-8753-98F30E31199C}.Debug|x86.Build.0 = Debug|Win32
		{F4A9E04A-C749-448D-8753-98F30E31199C}.Release|x64.ActiveCfg = Release|x64
		{F4A9E04A-C749-448D-8753-98F30E31199C}.Release|x64.Build.0 = Release|x64
		{F4A9E04A-C749-448D-8753-98F30E31199C}.Release|x86.ActiveCfg = Release|Win32
		{F4A9E04A-C749-448D-8753-98F30E31199C}.Release|x86.Build.0 = Release|Win32
	EndGlobalSection
	GlobalSection(SolutionProperties) = preSolution
		HideSolutionNode = FALSE
	EndGlobalSection
	GlobalSection(ExtensibilityGlobals) = postSolution
		SolutionGuid = {E86043F9-1C37-4F98-A196-0FF8EDFDF212}
	EndGlobalSection
EndGlobal
